{
    "_meta": {
        "hash": {
            "sha256": "e37d4f9d0004cf7983f2522f9446493d57ff9655c7255f01078e45aa6aa41547"
        },
        "pipfile-spec": 6,
        "requires": {
            "python_version": "2.7"
        },
        "sources": [
            {
                "name": "pypi",
                "url": "https://pypi.python.org/simple",
                "verify_ssl": true
            }
        ]
    },
    "default": {
        "configparser": {
            "hashes": [
                "sha256:5308b47021bc2340965c371f0f058cc6971a04502638d4244225c49d80db273a"
            ],
            "markers": "python_version < '3.2'",
            "version": "==3.5.0"
        },
        "enum34": {
            "hashes": [
                "sha256:2d81cbbe0e73112bdfe6ef8576f2238f2ba27dd0d55752a776c41d38b7da2850",
                "sha256:644837f692e5f550741432dd3f223bbb9852018674981b1664e5dc339387588a",
                "sha256:6bd0f6ad48ec2aa117d3d141940d484deccda84d4fcd884f5c3d93c23ecd8c79",
                "sha256:8ad8c4783bf61ded74527bffb48ed9b54166685e4230386a9ed9b1279e2df5b1"
            ],
            "markers": "python_version < '3.4'",
            "version": "==1.1.6"
        },
        "flake8": {
            "hashes": [
                "sha256:83905eadba99f73fbfe966598aaf1682b3eb6755d2263c5b33a4e8367d60b0d1",
                "sha256:b907a26dcf5580753d8f80f1be0ec1d5c45b719f7bac441120793d1a70b03f12"
            ],
            "version": "==3.3.0"
        },
        "mccabe": {
            "hashes": [
                "sha256:ab8a6258860da4b6677da4bd2fe5dc2c659cff31b3ee4f7f5d64e79735b80d42",
                "sha256:dd8d182285a0fe56bace7f45b5e7d1a6ebcbf524e8f3bd87eb0f125271b8831f"
            ],
            "version": "==0.6.1"
        },
        "py": {
            "hashes": [
                "sha256:29c9fab495d7528e80ba1e343b958684f4ace687327e6f789a94bf3d1915f881",
                "sha256:983f77f3331356039fdd792e9220b7b8ee1aa6bd2b25f567a963ff1de5a64f6a"
            ],
            "version": "==1.5.3"
        },
        "pycodestyle": {
            "hashes": [
                "sha256:682256a5b318149ca0d2a9185d365d8864a768a28db66a84a2ea946bcc426766",
                "sha256:6c4245ade1edfad79c3446fadfc96b0de2759662dc29d07d80a6f27ad1ca6ba9"
            ],
            "version": "==2.3.1"
        },
        "pyflakes": {
            "hashes": [
                "sha256:aa0d4dff45c0cc2214ba158d29280f8fa1129f3e87858ef825930845146337f4",
                "sha256:cc5eadfb38041f8366128786b4ca12700ed05bbf1403d808e89d57d67a3875a7"
            ],
            "version": "==1.5.0"
        },
        "pytest": {
            "hashes": [
                "sha256:66f332ae62593b874a648b10a8cb106bfdacd2c6288ed7dec3713c3a808a6017",
                "sha256:b70696ebd1a5e6b627e7e3ac1365a4bc60aaf3495e843c1e70448966c5224cab"
            ],
            "version": "==3.0.7"
        },
        "pytest-testrail": {
            "hashes": [
                "sha256:214f1cd3a8f95ef55ab4a3b30b022a50741d0000a70ae4c0fcd23acd9546cd20"
            ],
            "version": "==1.1.4"
        },
        "pytest-variables": {
            "hashes": [
                "sha256:1b072483395dc0b7f9bcd437b551f590f5b58faf176d3d16137cc0e212908a4b",
                "sha256:799843c67a2667388116ec3ab77bcc552801cc310e4d2b9b3a20709b0c8c5b81"
            ],
            "version": "==1.6.1"
        },
        "requests": {
            "hashes": [
                "sha256:3b39cde35be51762885631cf586f4dc2284951b44d479a4454020758d767cc2f",
                "sha256:a274abba399a23e8713ffd2b5706535ae280ebe2b8069ee6a941cb089440d153"
            ],
            "version": "==2.14.2"
        },
        "simplejson": {
            "hashes": [
                "sha256:0ba465c81fdca6e0d7eae9ecf92ca93b15695817b44c67ebe8d854a752c8beba",
                "sha256:0f48968bb3e3162adcc50282b7e70225f307b935207bccafeaf565d5129b60eb",
                "sha256:114f12e2a631563ec78a43d118faeda11ec92eeba2d431808fc228c2b9052411",
                "sha256:19d4f96ebb3882055837f04f5da158e44d699124b4402dd10ac2294d6356f4ae",
                "sha256:1d9df576bf7e06bb443bdd00164184e71320c6351b9b60a5d8aa650e143fdf90",
                "sha256:1ebbd84c2d7512f7ba65df0b9cc3cbc1bbd6ef9eab39fc9389dfe7e3681f7bd2",
                "sha256:22ce1ea88e925ea5bd8a8b76fe2228d5fbb0f63e52530c8d102f7130a7dc0677",
                "sha256:2611177b8f0d68e5bafdc0728912ccbb53822191bce9c4161165cdd497e01815",
                "sha256:3cc94bd19c7cc01e95e40bfb128cbac61a631b0b6f944832461b099994716251",
                "sha256:73d0e1ae19503a6721fb9000e074376e956a52a53c6e9f2b10df2e103ff8fc7e",
                "sha256:766f705deedbbe133d77f2ba200144d6faad38fb20794e9a7a72d10f6e11ae63",
                "sha256:8ba60c4486973ff6fc39b8c16b2e0e891fea81ece8e555d07a6ff17d3eec1034",
                "sha256:8f3d9d2ac328afa6a057a8a698436cc2d7418336fe3c645a4d64aa8d0d44b9a6",
                "sha256:a79b11548d8c295902d32cf4a4a029082bc08bae6b95787d4028aac4da9e4af2",
                "sha256:b86c50438ce05cd83ffe5dd151a30001e955b4731646713f1ac903a228ee7455",
                "sha256:d1edcd214f4cd5a640cbef32d3310a9eb6ea1d5e323f76a3a7fa02b9dc92d9d7",
                "sha256:da52ab7a61f56be2f5dc7f8a209ce07b0ae578a0362ce5ea4609722fcaa1ba46",
                "sha256:e13adaf52103a42e57d1ff160b3753b30b622c3b534c0b358a6103006fdb21e5",
                "sha256:e407845b70057ebd546d6c943129edd3f2af39846120a8e9e441448e7ca4869d",
                "sha256:eee2a7f25e32b1307477bc3d6df416e76fc37727899e27d80191ec611a322565",
                "sha256:fb81d95c504273259e52c7d7e78f7e0e4765571127058b2aef03446da3408e80"
            ],
            "version": "==3.14.0"
        }
    },
    "develop": {}
}
